
Microsoft Visual Studio Solution File, Format Version 12.00
# Visual Studio 2013
VisualStudioVersion = 12.0.40629.0
MinimumVisualStudioVersion = 10.0.40219.1
Project("{FAE04EC0-301F-11D3-BF4B-00C04F79EFBC}") = "PancakesMVC", "PancakesMVC\PancakesMVC.csproj", "{9D4BB3D9-34E8-4F0B-90BA-D2ADDB5DD057}"
EndProject
Project("{FAE04EC0-301F-11D3-BF4B-00C04F79EFBC}") = "PancakesMVC.Tests", "PancakesMVC.Tests\PancakesMVC.Tests.csproj", "{F9EA8C8E-0F41-4F5D-8247-8FE7384E95D1}"
EndProject
Project("{FAE04EC0-301F-11D3-BF4B-00C04F79EFBC}") = "PancakeModel", "..\PancakeModel\PancakeModel.csproj", "{1F224864-F032-4945-89C5-5025C1D93368}"
EndProject
Global
	GlobalSection(SolutionConfigurationPlatforms) = preSolution
		Debug|Any CPU = Debug|Any CPU
		Release|Any CPU = Release|Any CPU
	EndGlobalSection
	GlobalSection(ProjectConfigurationPlatforms) = postSolution
		{9D4BB3D9-34E8-4F0B-90BA-D2ADDB5DD057}.Debug|Any CPU.ActiveCfg = Debug|Any CPU
		{9D4BB3D9-34E8-4F0B-90BA-D2ADDB5DD057}.Debug|Any CPU.Build.0 = Debug|Any CPU
		{9D4BB3D9-34E8-4F0B-90BA-D2ADDB5DD057}.Release|Any CPU.ActiveCfg = Release|Any CPU
		{9D4BB3D9-34E8-4F0B-90BA-D2ADDB5DD057}.Release|Any CPU.Build.0 = Release|Any CPU
		{F9EA8C8E-0F41-4F5D-8247-8FE7384E95D1}.Debug|Any CPU.ActiveCfg = Debug|Any CPU
		{F9EA8C8E-0F41-4F5D-8247-8FE7384E95D1}.Debug|Any CPU.Build.0 = Debug|Any CPU
		{F9EA8C8E-0F41-4F5D-8247-8FE7384E95D1}.Release|Any CPU.ActiveCfg = Release|Any CPU
		{F9EA8C8E-0F41-4F5D-8247-8FE7384E95D1}.Release|Any CPU.Build.0 = Release|Any CPU
		{1F224864-F032-4945-89C5-5025C1D93368}.Debug|Any CPU.ActiveCfg = Debug|Any CPU
		{1F224864-F032-4945-89C5-5025C1D93368}.Debug|Any CPU.Build.0 = Debug|Any CPU
		{1F224864-F032-4945-89C5-5025C1D93368}.Release|Any CPU.ActiveCfg = Release|Any CPU
		{1F224864-F032-4945-89C5-5025C1D93368}.Release|Any CPU.Build.0 = Release|Any CPU
	EndGlobalSection
	GlobalSection(SolutionProperties) = preSolution
		HideSolutionNode = FALSE
	EndGlobalSection
EndGlobal
